PODS:
  - Alamofire (4.5.1)
  - ObjectivePGP (0.9.5)
  - Yaml (3.3.1)

DEPENDENCIES:
  - Alamofire
  - ObjectivePGP
  - Yaml

SPEC CHECKSUMS:
  Alamofire: 2d95912bf4c34f164fdfc335872e8c312acaea4a
  ObjectivePGP: b76eb4b961b4a2c12bc34adcee08ae1e081b3431
  Yaml: 18b2cf7301c4132e2bbb508a6921d2637ed3046c

PODFILE CHECKSUM: 8eaf54fcbe286789d1c4cbbcbc534f426f3c419b

COCOAPODS: 1.4.0
