PODS:
  - Alamofire (4.5.1)
  - ObjectivePGP (0.9.5)
  - Zip (1.1.0)

DEPENDENCIES:
  - Alamofire
  - ObjectivePGP
  - Zip (~> 1.1)

SPEC CHECKSUMS:
  Alamofire: 2d95912bf4c34f164fdfc335872e8c312acaea4a
  ObjectivePGP: b76eb4b961b4a2c12bc34adcee08ae1e081b3431
  Zip: 8877eede3dda76bcac281225c20e71c25270774c

PODFILE CHECKSUM: 446fedc1e817cb3ed6484e5b72e69d94d67ffb37

COCOAPODS: 1.4.0
