// !$*UTF8*$!
{
	archiveVersion = 1;
	classes = {
	};
	objectVersion = 48;
	objects = {

/* Begin PBXBuildFile section */
		B8156CBE3059FA8994D9DC27 /* Pods_passpie_ios.framework in Frameworks */ = {isa = PBXBuildFile; fileRef = 733B6BFDACB19BA4127C40CE /* Pods_passpie_ios.framework */; };
		E3D56331204157660080EF45 /* AppDelegate.swift in Sources */ = {isa = PBXBuildFile; fileRef = E3D56330204157660080EF45 /* AppDelegate.swift */; };
		E3D56333204157660080EF45 /* ViewController.swift in Sources */ = {isa = PBXBuildFile; fileRef = E3D56332204157660080EF45 /* ViewController.swift */; };
		E3D56336204157660080EF45 /* Main.storyboard in Resources */ = {isa = PBXBuildFile; fileRef = E3D56334204157660080EF45 /* Main.storyboard */; };
		E3D56338204157660080EF45 /* Assets.xcassets in Resources */ = {isa = PBXBuildFile; fileRef = E3D56337204157660080EF45 /* Assets.xcassets */; };
		E3D5633B204157660080EF45 /* LaunchScreen.storyboard in Resources */ = {isa = PBXBuildFile; fileRef = E3D56339204157660080EF45 /* LaunchScreen.storyboard */; };
/* End PBXBuildFile section */

/* Begin PBXFileReference section */
		705D0E49B6CEDD8812A4218B /* Pods-passpie-ios.debug.xcconfig */ = {isa = PBXFileReference; includeInIndex = 1; lastKnownFileType = text.xcconfig; name = "Pods-passpie-ios.debug.xcconfig"; path = "Pods/Target Support Files/Pods-passpie-ios/Pods-passpie-ios.debug.xcconfig"; sourceTree = "<group>"; };
		733B6BFDACB19BA4127C40CE /* Pods_passpie_ios.framework */ = {isa = PBXFileReference; explicitFileType = wrapper.framework; includeInIndex = 0; path = Pods_passpie_ios.framework; sourceTree = BUILT_PRODUCTS_DIR; };
		B0512A79A272FE7EA9FA3698 /* Pods-passpie-ios.release.xcconfig */ = {isa = PBXFileReference; includeInIndex = 1; lastKnownFileType = text.xcconfig; name = "Pods-passpie-ios.release.xcconfig"; path = "Pods/Target Support Files/Pods-passpie-ios/Pods-passpie-ios.release.xcconfig"; sourceTree = "<group>"; };
		E3D5632D204157660080EF45 /* passpie-ios.app */ = {isa = PBXFileReference; explicitFileType = wrapper.application; includeInIndex = 0; path = "passpie-ios.app"; sourceTree = BUILT_PRODUCTS_DIR; };
		E3D56330204157660080EF45 /* AppDelegate.swift */ = {isa = PBXFileReference; lastKnownFileType = sourcecode.swift; path = AppDelegate.swift; sourceTree = "<group>"; };
		E3D56332204157660080EF45 /* ViewController.swift */ = {isa = PBXFileReference; lastKnownFileType = sourcecode.swift; path = ViewController.swift; sourceTree = "<group>"; };
		E3D56335204157660080EF45 /* Base */ = {isa = PBXFileReference; lastKnownFileType = file.storyboard; name = Base; path = Base.lproj/Main.storyboard; sourceTree = "<group>"; };
		E3D56337204157660080EF45 /* Assets.xcassets */ = {isa = PBXFileReference; lastKnownFileType = folder.assetcatalog; path = Assets.xcassets; sourceTree = "<group>"; };
		E3D5633A204157660080EF45 /* Base */ = {isa = PBXFileReference; lastKnownFileType = file.storyboard; name = Base; path = Base.lproj/LaunchScreen.storyboard; sourceTree = "<group>"; };
		E3D5633C204157660080EF45 /* Info.plist */ = {isa = PBXFileReference; lastKnownFileType = text.plist.xml; path = Info.plist; sourceTree = "<group>"; };
/* End PBXFileReference section */

/* Begin PBXFrameworksBuildPhase section */
		E3D5632A204157660080EF45 /* Frameworks */ = {
			isa = PBXFrameworksBuildPhase;
			buildActionMask = 2147483647;
			files = (
				B8156CBE3059FA8994D9DC27 /* Pods_passpie_ios.framework in Frameworks */,
			);
			runOnlyForDeploymentPostprocessing = 0;
		};
/* End PBXFrameworksBuildPhase section */

/* Begin PBXGroup section */
		1DB06A394A5D6FBFA2A27DC9 /* Frameworks */ = {
			isa = PBXGroup;
			children = (
				733B6BFDACB19BA4127C40CE /* Pods_passpie_ios.framework */,
			);
			name = Frameworks;
			sourceTree = "<group>";
		};
		BBD8F5C0AB5C0505CF4B97F0 /* Pods */ = {
			isa = PBXGroup;
			children = (
				705D0E49B6CEDD8812A4218B /* Pods-passpie-ios.debug.xcconfig */,
				B0512A79A272FE7EA9FA3698 /* Pods-passpie-ios.release.xcconfig */,
			);
			name = Pods;
			sourceTree = "<group>";
		};
		E3D56324204157660080EF45 = {
			isa = PBXGroup;
			children = (
				E3D5632F204157660080EF45 /* passpie-ios */,
				E3D5632E204157660080EF45 /* Products */,
				BBD8F5C0AB5C0505CF4B97F0 /* Pods */,
				1DB06A394A5D6FBFA2A27DC9 /* Frameworks */,
			);
			sourceTree = "<group>";
		};
		E3D5632E204157660080EF45 /* Products */ = {
			isa = PBXGroup;
			children = (
				E3D5632D204157660080EF45 /* passpie-ios.app */,
			);
			name = Products;
			sourceTree = "<group>";
		};
		E3D5632F204157660080EF45 /* passpie-ios */ = {
			isa = PBXGroup;
			children = (
				E3D56330204157660080EF45 /* AppDelegate.swift */,
				E3D56332204157660080EF45 /* ViewController.swift */,
				E3D56334204157660080EF45 /* Main.storyboard */,
				E3D56337204157660080EF45 /* Assets.xcassets */,
				E3D56339204157660080EF45 /* LaunchScreen.storyboard */,
				E3D5633C204157660080EF45 /* Info.plist */,
			);
			path = "passpie-ios";
			sourceTree = "<group>";
		};
/* End PBXGroup section */

/* Begin PBXNativeTarget section */
		E3D5632C204157660080EF45 /* passpie-ios */ = {
			isa = PBXNativeTarget;
			buildConfigurationList = E3D5633F204157660080EF45 /* Build configuration list for PBXNativeTarget "passpie-ios" */;
			buildPhases = (
				1FE852F46BD2FF7871D5E011 /* [CP] Check Pods Manifest.lock */,
				E3D56329204157660080EF45 /* Sources */,
				E3D5632A204157660080EF45 /* Frameworks */,
				E3D5632B204157660080EF45 /* Resources */,
				40E3EE5FB45D43607A0D730F /* [CP] Embed Pods Frameworks */,
				E813C4C2D13C13AD46F752A7 /* [CP] Copy Pods Resources */,
			);
			buildRules = (
			);
			dependencies = (
			);
			name = "passpie-ios";
			productName = "passpie-ios";
			productReference = E3D5632D204157660080EF45 /* passpie-ios.app */;
			productType = "com.apple.product-type.application";
		};
/* End PBXNativeTarget section */

/* Begin PBXProject section */
		E3D56325204157660080EF45 /* Project object */ = {
			isa = PBXProject;
			attributes = {
				LastSwiftUpdateCheck = 0920;
				LastUpgradeCheck = 0920;
				ORGANIZATIONNAME = "Harjas Monga";
				TargetAttributes = {
					E3D5632C204157660080EF45 = {
						CreatedOnToolsVersion = 9.2;
						ProvisioningStyle = Automatic;
					};
				};
			};
			buildConfigurationList = E3D56328204157660080EF45 /* Build configuration list for PBXProject "passpie-ios" */;
			compatibilityVersion = "Xcode 8.0";
			developmentRegion = en;
			hasScannedForEncodings = 0;
			knownRegions = (
				en,
				Base,
			);
			mainGroup = E3D56324204157660080EF45;
			productRefGroup = E3D5632E204157660080EF45 /* Products */;
			projectDirPath = "";
			projectRoot = "";
			targets = (
				E3D5632C204157660080EF45 /* passpie-ios */,
			);
		};
/* End PBXProject section */

/* Begin PBXResourcesBuildPhase section */
		E3D5632B204157660080EF45 /* Resources */ = {
			isa = PBXResourcesBuildPhase;
			buildActionMask = 2147483647;
			files = (
				E3D5633B204157660080EF45 /* LaunchScreen.storyboard in Resources */,
				E3D56338204157660080EF45 /* Assets.xcassets in Resources */,
				E3D56336204157660080EF45 /* Main.storyboard in Resources */,
			);
			runOnlyForDeploymentPostprocessing = 0;
		};
/* End PBXResourcesBuildPhase section */

/* Begin PBXShellScriptBuildPhase section */
		1FE852F46BD2FF7871D5E011 /* [CP] Check Pods Manifest.lock */ = {
			isa = PBXShellScriptBuildPhase;
			buildActionMask = 2147483647;
			files = (
			);
			inputPaths = (
				"${PODS_PODFILE_DIR_PATH}/Podfile.lock",
				"${PODS_ROOT}/Manifest.lock",
			);
			name = "[CP] Check Pods Manifest.lock";
			outputPaths = (
				"$(DERIVED_FILE_DIR)/Pods-passpie-ios-checkManifestLockResult.txt",
			);
			runOnlyForDeploymentPostprocessing = 0;
			shellPath = /bin/sh;
			shellScript = "diff \"${PODS_PODFILE_DIR_PATH}/Podfile.lock\" \"${PODS_ROOT}/Manifest.lock\" > /dev/null\nif [ $? != 0 ] ; then\n    # print error to STDERR\n    echo \"error: The sandbox is not in sync with the Podfile.lock. Run 'pod install' or update your CocoaPods installation.\" >&2\n    exit 1\nfi\n# This output is used by Xcode 'outputs' to avoid re-running this script phase.\necho \"SUCCESS\" > \"${SCRIPT_OUTPUT_FILE_0}\"\n";
			showEnvVarsInLog = 0;
		};
		40E3EE5FB45D43607A0D730F /* [CP] Embed Pods Frameworks */ = {
			isa = PBXShellScriptBuildPhase;
			buildActionMask = 2147483647;
			files = (
			);
			inputPaths = (
				"${SRCROOT}/Pods/Target Support Files/Pods-passpie-ios/Pods-passpie-ios-frameworks.sh",
				"${BUILT_PRODUCTS_DIR}/Alamofire/Alamofire.framework",
				"${BUILT_PRODUCTS_DIR}/Construction/Construction.framework",
				"${BUILT_PRODUCTS_DIR}/GithubSwift/GithubSwift.framework",
				"${BUILT_PRODUCTS_DIR}/ISO8601/ISO8601.framework",
				"${BUILT_PRODUCTS_DIR}/RxSwift/RxSwift.framework",
				"${BUILT_PRODUCTS_DIR}/Tailor/Tailor.framework",
			);
			name = "[CP] Embed Pods Frameworks";
			outputPaths = (
				"${TARGET_BUILD_DIR}/${FRAMEWORKS_FOLDER_PATH}/Alamofire.framework",
				"${TARGET_BUILD_DIR}/${FRAMEWORKS_FOLDER_PATH}/Construction.framework",
				"${TARGET_BUILD_DIR}/${FRAMEWORKS_FOLDER_PATH}/GithubSwift.framework",
				"${TARGET_BUILD_DIR}/${FRAMEWORKS_FOLDER_PATH}/ISO8601.framework",
				"${TARGET_BUILD_DIR}/${FRAMEWORKS_FOLDER_PATH}/RxSwift.framework",
				"${TARGET_BUILD_DIR}/${FRAMEWORKS_FOLDER_PATH}/Tailor.framework",
			);
			runOnlyForDeploymentPostprocessing = 0;
			shellPath = /bin/sh;
			shellScript = "\"${SRCROOT}/Pods/Target Support Files/Pods-passpie-ios/Pods-passpie-ios-frameworks.sh\"\n";
			showEnvVarsInLog = 0;
		};
		E813C4C2D13C13AD46F752A7 /* [CP] Copy Pods Resources */ = {
			isa = PBXShellScriptBuildPhase;
			buildActionMask = 2147483647;
			files = (
			);
			inputPaths = (
			);
			name = "[CP] Copy Pods Resources";
			outputPaths = (
			);
			runOnlyForDeploymentPostprocessing = 0;
			shellPath = /bin/sh;
			shellScript = "\"${SRCROOT}/Pods/Target Support Files/Pods-passpie-ios/Pods-passpie-ios-resources.sh\"\n";
			showEnvVarsInLog = 0;
		};
/* End PBXShellScriptBuildPhase section */

/* Begin PBXSourcesBuildPhase section */
		E3D56329204157660080EF45 /* Sources */ = {
			isa = PBXSourcesBuildPhase;
			buildActionMask = 2147483647;
			files = (
				E3D56333204157660080EF45 /* ViewController.swift in Sources */,
				E3D56331204157660080EF45 /* AppDelegate.swift in Sources */,
			);
			runOnlyForDeploymentPostprocessing = 0;
		};
/* End PBXSourcesBuildPhase section */

/* Begin PBXVariantGroup section */
		E3D56334204157660080EF45 /* Main.storyboard */ = {
			isa = PBXVariantGroup;
			children = (
				E3D56335204157660080EF45 /* Base */,
			);
			name = Main.storyboard;
			sourceTree = "<group>";
		};
		E3D56339204157660080EF45 /* LaunchScreen.storyboard */ = {
			isa = PBXVariantGroup;
			children = (
				E3D5633A204157660080EF45 /* Base */,
			);
			name = LaunchScreen.storyboard;
			sourceTree = "<group>";
		};
/* End PBXVariantGroup section */

/* Begin XCBuildConfiguration section */
		E3D5633D204157660080EF45 /* Debug */ = {
			isa = XCBuildConfiguration;
			buildSettings = {
				ALWAYS_SEARCH_USER_PATHS = NO;
				CLANG_ANALYZER_NONNULL = YES;
				CLANG_ANALYZER_NUMBER_OBJECT_CONVERSION = YES_AGGRESSIVE;
				CLANG_CXX_LANGUAGE_STANDARD = "gnu++14";
				CLANG_CXX_LIBRARY = "libc++";
				CLANG_ENABLE_MODULES = YES;
				CLANG_ENABLE_OBJC_ARC = YES;
				CLANG_WARN_BLOCK_CAPTURE_AUTORELEASING = YES;
				CLANG_WARN_BOOL_CONVERSION = YES;
				CLANG_WARN_COMMA = YES;
				CLANG_WARN_CONSTANT_CONVERSION = YES;
				CLANG_WARN_DIRECT_OBJC_ISA_USAGE = YES_ERROR;
				CLANG_WARN_DOCUMENTATION_COMMENTS = YES;
				CLANG_WARN_EMPTY_BODY = YES;
				CLANG_WARN_ENUM_CONVERSION = YES;
				CLANG_WARN_INFINITE_RECURSION = YES;
				CLANG_WARN_INT_CONVERSION = YES;
				CLANG_WARN_NON_LITERAL_NULL_CONVERSION = YES;
				CLANG_WARN_OBJC_LITERAL_CONVERSION = YES;
				CLANG_WARN_OBJC_ROOT_CLASS = YES_ERROR;
				CLANG_WARN_RANGE_LOOP_ANALYSIS = YES;
				CLANG_WARN_STRICT_PROTOTYPES = YES;
				CLANG_WARN_SUSPICIOUS_MOVE = YES;
				CLANG_WARN_UNGUARDED_AVAILABILITY = YES_AGGRESSIVE;
				CLANG_WARN_UNREACHABLE_CODE = YES;
				CLANG_WARN__DUPLICATE_METHOD_MATCH = YES;
				CODE_SIGN_IDENTITY = "iPhone Developer";
				COPY_PHASE_STRIP = NO;
				DEBUG_INFORMATION_FORMAT = dwarf;
				ENABLE_STRICT_OBJC_MSGSEND = YES;
				ENABLE_TESTABILITY = YES;
				GCC_C_LANGUAGE_STANDARD = gnu11;
				GCC_DYNAMIC_NO_PIC = NO;
				GCC_NO_COMMON_BLOCKS = YES;
				GCC_OPTIMIZATION_LEVEL = 0;
				GCC_PREPROCESSOR_DEFINITIONS = (
					"DEBUG=1",
					"$(inherited)",
				);
				GCC_WARN_64_TO_32_BIT_CONVERSION = YES;
				GCC_WARN_ABOUT_RETURN_TYPE = YES_ERROR;
				GCC_WARN_UNDECLARED_SELECTOR = YES;
				GCC_WARN_UNINITIALIZED_AUTOS = YES_AGGRESSIVE;
				GCC_WARN_UNUSED_FUNCTION = YES;
				GCC_WARN_UNUSED_VARIABLE = YES;
				IPHONEOS_DEPLOYMENT_TARGET = 11.2;
				MTL_ENABLE_DEBUG_INFO = YES;
				ONLY_ACTIVE_ARCH = YES;
				SDKROOT = iphoneos;
				SWIFT_ACTIVE_COMPILATION_CONDITIONS = DEBUG;
				SWIFT_OPTIMIZATION_LEVEL = "-Onone";
			};
			name = Debug;
		};
		E3D5633E204157660080EF45 /* Release */ = {
			isa = XCBuildConfiguration;
			buildSettings = {
				ALWAYS_SEARCH_USER_PATHS = NO;
				CLANG_ANALYZER_NONNULL = YES;
				CLANG_ANALYZER_NUMBER_OBJECT_CONVERSION = YES_AGGRESSIVE;
				CLANG_CXX_LANGUAGE_STANDARD = "gnu++14";
				CLANG_CXX_LIBRARY = "libc++";
				CLANG_ENABLE_MODULES = YES;
				CLANG_ENABLE_OBJC_ARC = YES;
				CLANG_WARN_BLOCK_CAPTURE_AUTORELEASING = YES;
				CLANG_WARN_BOOL_CONVERSION = YES;
				CLANG_WARN_COMMA = YES;
				CLANG_WARN_CONSTANT_CONVERSION = YES;
				CLANG_WARN_DIRECT_OBJC_ISA_USAGE = YES_ERROR;
				CLANG_WARN_DOCUMENTATION_COMMENTS = YES;
				CLANG_WARN_EMPTY_BODY = YES;
				CLANG_WARN_ENUM_CONVERSION = YES;
				CLANG_WARN_INFINITE_RECURSION = YES;
				CLANG_WARN_INT_CONVERSION = YES;
				CLANG_WARN_NON_LITERAL_NULL_CONVERSION = YES;
				CLANG_WARN_OBJC_LITERAL_CONVERSION = YES;
				CLANG_WARN_OBJC_ROOT_CLASS = YES_ERROR;
				CLANG_WARN_RANGE_LOOP_ANALYSIS = YES;
				CLANG_WARN_STRICT_PROTOTYPES = YES;
				CLANG_WARN_SUSPICIOUS_MOVE = YES;
				CLANG_WARN_UNGUARDED_AVAILABILITY = YES_AGGRESSIVE;
				CLANG_WARN_UNREACHABLE_CODE = YES;
				CLANG_WARN__DUPLICATE_METHOD_MATCH = YES;
				CODE_SIGN_IDENTITY = "iPhone Developer";
				COPY_PHASE_STRIP = NO;
				DEBUG_INFORMATION_FORMAT = "dwarf-with-dsym";
				ENABLE_NS_ASSERTIONS = NO;
				ENABLE_STRICT_OBJC_MSGSEND = YES;
				GCC_C_LANGUAGE_STANDARD = gnu11;
				GCC_NO_COMMON_BLOCKS = YES;
				GCC_WARN_64_TO_32_BIT_CONVERSION = YES;
				GCC_WARN_ABOUT_RETURN_TYPE = YES_ERROR;
				GCC_WARN_UNDECLARED_SELECTOR = YES;
				GCC_WARN_UNINITIALIZED_AUTOS = YES_AGGRESSIVE;
				GCC_WARN_UNUSED_FUNCTION = YES;
				GCC_WARN_UNUSED_VARIABLE = YES;
				IPHONEOS_DEPLOYMENT_TARGET = 11.2;
				MTL_ENABLE_DEBUG_INFO = NO;
				SDKROOT = iphoneos;
				SWIFT_OPTIMIZATION_LEVEL = "-Owholemodule";
				VALIDATE_PRODUCT = YES;
			};
			name = Release;
		};
		E3D56340204157660080EF45 /* Debug */ = {
			isa = XCBuildConfiguration;
			baseConfigurationReference = 705D0E49B6CEDD8812A4218B /* Pods-passpie-ios.debug.xcconfig */;
			buildSettings = {
				ASSETCATALOG_COMPILER_APPICON_NAME = AppIcon;
				CODE_SIGN_STYLE = Automatic;
				DEVELOPMENT_TEAM = 58S676664G;
				INFOPLIST_FILE = "passpie-ios/Info.plist";
				LD_RUNPATH_SEARCH_PATHS = "$(inherited) @executable_path/Frameworks";
				PRODUCT_BUNDLE_IDENTIFIER = "harjasmonga.passpie-ios";
				PRODUCT_NAME = "$(TARGET_NAME)";
				SWIFT_VERSION = 4.0;
				TARGETED_DEVICE_FAMILY = "1,2";
			};
			name = Debug;
		};
		E3D56341204157660080EF45 /* Release */ = {
			isa = XCBuildConfiguration;
			baseConfigurationReference = B0512A79A272FE7EA9FA3698 /* Pods-passpie-ios.release.xcconfig */;
			buildSettings = {
				ASSETCATALOG_COMPILER_APPICON_NAME = AppIcon;
				CODE_SIGN_STYLE = Automatic;
				DEVELOPMENT_TEAM = 58S676664G;
				INFOPLIST_FILE = "passpie-ios/Info.plist";
				LD_RUNPATH_SEARCH_PATHS = "$(inherited) @executable_path/Frameworks";
				PRODUCT_BUNDLE_IDENTIFIER = "harjasmonga.passpie-ios";
				PRODUCT_NAME = "$(TARGET_NAME)";
				SWIFT_VERSION = 4.0;
				TARGETED_DEVICE_FAMILY = "1,2";
			};
			name = Release;
		};
/* End XCBuildConfiguration section */

/* Begin XCConfigurationList section */
		E3D56328204157660080EF45 /* Build configuration list for PBXProject "passpie-ios" */ = {
			isa = XCConfigurationList;
			buildConfigurations = (
				E3D5633D204157660080EF45 /* Debug */,
				E3D5633E204157660080EF45 /* Release */,
			);
			defaultConfigurationIsVisible = 0;
			defaultConfigurationName = Release;
		};
		E3D5633F204157660080EF45 /* Build configuration list for PBXNativeTarget "passpie-ios" */ = {
			isa = XCConfigurationList;
			buildConfigurations = (
				E3D56340204157660080EF45 /* Debug */,
				E3D56341204157660080EF45 /* Release */,
			);
			defaultConfigurationIsVisible = 0;
			defaultConfigurationName = Release;
		};
/* End XCConfigurationList section */
	};
	rootObject = E3D56325204157660080EF45 /* Project object */;
}
